{
  "name": "temp-npm-1538173749",
  "lockfileVersion": 3,
  "requires": true,
  "packages": {
    "": {
      "dependencies": {
        "@hookform/resolvers": "^3.3.4",
        "react-hook-form": "^7.50.0",
        "zod": "^3.22.4"
      }
    },
    "node_modules/@hookform/resolvers": {
      "version": "3.3.4",
      "resolved": "https://registry.npmjs.org/@hookform/resolvers/-/resolvers-3.3.4.tgz",
      "integrity": "sha512-o5cgpGOuJYrd+iMKvkttOclgwRW86EsWJZZRC23prf0uU2i48Htq4PuT73AVb9ionFyZrwYEITuOFGF+BydEtQ==",
      "license": "MIT",
      "peerDependencies": {
        "react-hook-form": "^7.0.0"
      }
    },
    "node_modules/react-hook-form": {
      "version": "7.50.0",
      "resolved": "https://registry.npmjs.org/react-hook-form/-/react-hook-form-7.50.0.tgz",
      "integrity": "sha512-AOhuzM3RdP09ZCnq+Z0yvKGHK25yiOX5phwxjV9L7U6HMla10ezkBnvQ+Pk4GTuDfsC5P2zza3k8mawFwFLVuQ==",
      "license": "MIT",
      "engines": {
        "node": ">=12.22.0"
      },
      "funding": {
        "type": "opencollective",
        "url": "https://opencollective.com/react-hook-form"
      },
      "peerDependencies": {
        "react": "^16.8.0 || ^17 || ^18"
      }
    },
    "node_modules/zod": {
      "version": "3.22.4",
      "resolved": "https://registry.npmjs.org/zod/-/zod-3.22.4.tgz",
      "integrity": "sha512-iC+8Io04lddc+mVqQ9AZ7OQ2MrUKGN+oIQyq1vemgt46jwCwLfhq7/pwnBnNXXXZb8VTVLKwp9EDkx+ryxIWmg==",
      "license": "MIT",
      "funding": {
        "url": "https://github.com/sponsors/colinhacks"
      }
    }
  }
}
